
Microsoft Visual Studio Solution File, Format Version 12.00
# Visual Studio Version 17
VisualStudioVersion = 17.9.34607.119
MinimumVisualStudioVersion = 10.0.40219.1
Project("{FAE04EC0-301F-11D3-BF4B-00C04F79EFBC}") = "BattleshipLiteLibrary", "BattleshipLiteLibrary.csproj", "{27BD8A5B-F1DD-4710-AEF8-44167400C3DB}"
EndProject
Project("{FAE04EC0-301F-11D3-BF4B-00C04F79EFBC}") = "BattleshipLite", "BattleshipLite\BattleshipLite.csproj", "{50C23DFE-87A0-46B9-A9CB-81AB7738E3B6}"
EndProject
Global
	GlobalSection(SolutionConfigurationPlatforms) = preSolution
		Debug|Any CPU = Debug|Any CPU
		Release|Any CPU = Release|Any CPU
	EndGlobalSection
	GlobalSection(ProjectConfigurationPlatforms) = postSolution
		{27BD8A5B-F1DD-4710-AEF8-44167400C3DB}.Debug|Any CPU.ActiveCfg = Debug|Any CPU
		{27BD8A5B-F1DD-4710-AEF8-44167400C3DB}.Debug|Any CPU.Build.0 = Debug|Any CPU
		{27BD8A5B-F1DD-4710-AEF8-44167400C3DB}.Release|Any CPU.ActiveCfg = Release|Any CPU
		{27BD8A5B-F1DD-4710-AEF8-44167400C3DB}.Release|Any CPU.Build.0 = Release|Any CPU
		{50C23DFE-87A0-46B9-A9CB-81AB7738E3B6}.Debug|Any CPU.ActiveCfg = Debug|Any CPU
		{50C23DFE-87A0-46B9-A9CB-81AB7738E3B6}.Debug|Any CPU.Build.0 = Debug|Any CPU
		{50C23DFE-87A0-46B9-A9CB-81AB7738E3B6}.Release|Any CPU.ActiveCfg = Release|Any CPU
		{50C23DFE-87A0-46B9-A9CB-81AB7738E3B6}.Release|Any CPU.Build.0 = Release|Any CPU
	EndGlobalSection
	GlobalSection(SolutionProperties) = preSolution
		HideSolutionNode = FALSE
	EndGlobalSection
	GlobalSection(ExtensibilityGlobals) = postSolution
		SolutionGuid = {CEABEBD3-AB82-4BFE-81D1-1A53815828C5}
	EndGlobalSection
EndGlobal
